
Microsoft Visual Studio Solution File, Format Version 12.00
# Visual Studio 15
VisualStudioVersion = 15.0.26403.7
MinimumVisualStudioVersion = 10.0.40219.1
Project("{9A19103F-16F7-4668-BE54-9A1E7A4F7556}") = "Tourney.Web", "Tourney.Web\Tourney.Web.csproj", "{8AE5AC81-9FCF-4771-8B33-C6BCA9DC062D}"
EndProject
Project("{FAE04EC0-301F-11D3-BF4B-00C04F79EFBC}") = "Tourney.Identity", "Tourney.Identity\Tourney.Identity.csproj", "{216C777E-974C-409D-96C1-238537810451}"
EndProject
Project("{E53339B2-1760-4266-BCC7-CA923CBCF16C}") = "docker-compose", "docker-compose.dcproj", "{46D66054-60EF-4708-9C12-74D32F4D2391}"
EndProject
Project("{2150E333-8FDC-42A3-9474-1A3956D46DE8}") = "Authentication", "Authentication", "{5206ACB1-0AA1-462C-880F-A04D7A12E453}"
EndProject
Project("{2150E333-8FDC-42A3-9474-1A3956D46DE8}") = "Access Points", "Access Points", "{3F77E1F8-4C8D-4C98-9736-163F93E15595}"
EndProject
Project("{2150E333-8FDC-42A3-9474-1A3956D46DE8}") = "Participant", "Participant", "{D267ED79-B6E7-456E-9EF7-1F92D5964A16}"
EndProject
Project("{FAE04EC0-301F-11D3-BF4B-00C04F79EFBC}") = "Tourney.Services.Participants.Client", "Tourney.Services.Participants.Client\Tourney.Services.Participants.Client.csproj", "{CA6F285D-0FD2-4F61-A17A-EB060FB52C94}"
EndProject
Project("{9A19103F-16F7-4668-BE54-9A1E7A4F7556}") = "Tourney.Services.Participants", "Tourney.Services.Participants\Tourney.Services.Participants.csproj", "{BBC50F70-CDB1-48F8-892B-DC5B4D854C89}"
EndProject
Project("{9A19103F-16F7-4668-BE54-9A1E7A4F7556}") = "Tourney.Services.Participants.Contracts", "Tourney.Services.Participants.Contracts\Tourney.Services.Participants.Contracts.csproj", "{99BBD398-30FB-4C87-9194-CDA26B11CA9F}"
EndProject
Global
	GlobalSection(SolutionConfigurationPlatforms) = preSolution
		Debug|Any CPU = Debug|Any CPU
		Release|Any CPU = Release|Any CPU
	EndGlobalSection
	GlobalSection(ProjectConfigurationPlatforms) = postSolution
		{8AE5AC81-9FCF-4771-8B33-C6BCA9DC062D}.Debug|Any CPU.ActiveCfg = Debug|Any CPU
		{8AE5AC81-9FCF-4771-8B33-C6BCA9DC062D}.Debug|Any CPU.Build.0 = Debug|Any CPU
		{8AE5AC81-9FCF-4771-8B33-C6BCA9DC062D}.Release|Any CPU.ActiveCfg = Release|Any CPU
		{8AE5AC81-9FCF-4771-8B33-C6BCA9DC062D}.Release|Any CPU.Build.0 = Release|Any CPU
		{216C777E-974C-409D-96C1-238537810451}.Debug|Any CPU.ActiveCfg = Debug|Any CPU
		{216C777E-974C-409D-96C1-238537810451}.Debug|Any CPU.Build.0 = Debug|Any CPU
		{216C777E-974C-409D-96C1-238537810451}.Release|Any CPU.ActiveCfg = Release|Any CPU
		{216C777E-974C-409D-96C1-238537810451}.Release|Any CPU.Build.0 = Release|Any CPU
		{46D66054-60EF-4708-9C12-74D32F4D2391}.Debug|Any CPU.ActiveCfg = Debug|Any CPU
		{46D66054-60EF-4708-9C12-74D32F4D2391}.Debug|Any CPU.Build.0 = Debug|Any CPU
		{46D66054-60EF-4708-9C12-74D32F4D2391}.Release|Any CPU.ActiveCfg = Release|Any CPU
		{46D66054-60EF-4708-9C12-74D32F4D2391}.Release|Any CPU.Build.0 = Release|Any CPU
		{CA6F285D-0FD2-4F61-A17A-EB060FB52C94}.Debug|Any CPU.ActiveCfg = Debug|Any CPU
		{CA6F285D-0FD2-4F61-A17A-EB060FB52C94}.Debug|Any CPU.Build.0 = Debug|Any CPU
		{CA6F285D-0FD2-4F61-A17A-EB060FB52C94}.Release|Any CPU.ActiveCfg = Release|Any CPU
		{CA6F285D-0FD2-4F61-A17A-EB060FB52C94}.Release|Any CPU.Build.0 = Release|Any CPU
		{BBC50F70-CDB1-48F8-892B-DC5B4D854C89}.Debug|Any CPU.ActiveCfg = Debug|Any CPU
		{BBC50F70-CDB1-48F8-892B-DC5B4D854C89}.Debug|Any CPU.Build.0 = Debug|Any CPU
		{BBC50F70-CDB1-48F8-892B-DC5B4D854C89}.Release|Any CPU.ActiveCfg = Release|Any CPU
		{BBC50F70-CDB1-48F8-892B-DC5B4D854C89}.Release|Any CPU.Build.0 = Release|Any CPU
		{99BBD398-30FB-4C87-9194-CDA26B11CA9F}.Debug|Any CPU.ActiveCfg = Debug|Any CPU
		{99BBD398-30FB-4C87-9194-CDA26B11CA9F}.Debug|Any CPU.Build.0 = Debug|Any CPU
		{99BBD398-30FB-4C87-9194-CDA26B11CA9F}.Release|Any CPU.ActiveCfg = Release|Any CPU
		{99BBD398-30FB-4C87-9194-CDA26B11CA9F}.Release|Any CPU.Build.0 = Release|Any CPU
	EndGlobalSection
	GlobalSection(SolutionProperties) = preSolution
		HideSolutionNode = FALSE
	EndGlobalSection
	GlobalSection(NestedProjects) = preSolution
		{8AE5AC81-9FCF-4771-8B33-C6BCA9DC062D} = {3F77E1F8-4C8D-4C98-9736-163F93E15595}
		{216C777E-974C-409D-96C1-238537810451} = {5206ACB1-0AA1-462C-880F-A04D7A12E453}
		{CA6F285D-0FD2-4F61-A17A-EB060FB52C94} = {D267ED79-B6E7-456E-9EF7-1F92D5964A16}
		{BBC50F70-CDB1-48F8-892B-DC5B4D854C89} = {D267ED79-B6E7-456E-9EF7-1F92D5964A16}
		{99BBD398-30FB-4C87-9194-CDA26B11CA9F} = {D267ED79-B6E7-456E-9EF7-1F92D5964A16}
	EndGlobalSection
EndGlobal
